
Microsoft Visual Studio Solution File, Format Version 12.00
# Visual Studio Version 17
VisualStudioVersion = 17.3.32929.385
MinimumVisualStudioVersion = 10.0.40219.1
Project("{9A19103F-16F7-4668-BE54-9A1E7A4F7556}") = "Consultorio", "Consultorio\Consultorio.csproj", "{479C35DE-A8A7-4D8A-A8FD-0612C0BFFED8}"
EndProject
Project("{2150E333-8FDC-42A3-9474-1A3956D46DE8}") = "Business", "Business", "{692461F3-5BFE-4208-8E28-98C38383B24A}"
EndProject
Project("{9A19103F-16F7-4668-BE54-9A1E7A4F7556}") = "Consultorio.Business", "Consultorio.Business\Consultorio.Business.csproj", "{EA2596E5-4EAA-4766-A8E5-87463833BCBA}"
EndProject
Project("{2150E333-8FDC-42A3-9474-1A3956D46DE8}") = "Infraestructura", "Infraestructura", "{E3E0310D-AE74-4401-B6D0-B52E2A53E833}"
EndProject
Project("{9A19103F-16F7-4668-BE54-9A1E7A4F7556}") = "Infraestructura.SQLServer", "Infraestructura.SQLServer\Infraestructura.SQLServer.csproj", "{DD12FB5A-CEED-41D1-8E89-E75C5E937FF9}"
EndProject
Project("{9A19103F-16F7-4668-BE54-9A1E7A4F7556}") = "Infraestructura.Sqlite", "Infraestructura.Sqlite\Infraestructura.Sqlite.csproj", "{04782D72-679C-483B-87A2-8257C2AEBFD9}"
EndProject
Project("{9A19103F-16F7-4668-BE54-9A1E7A4F7556}") = "Infraestructura.InMemroy", "Infraestructura.InMemroy\Infraestructura.InMemroy.csproj", "{43BC4CD8-20F1-4625-B159-476B50B9018B}"
EndProject
Project("{9A19103F-16F7-4668-BE54-9A1E7A4F7556}") = "Infraestructura.TextFile", "Infraestructura.TextFile\Infraestructura.TextFile.csproj", "{D531D853-FBAE-4820-99D7-1ED12C4B886E}"
EndProject
Project("{9A19103F-16F7-4668-BE54-9A1E7A4F7556}") = "Api_Consultorio", "Api_Consultorio\Api_Consultorio.csproj", "{57D3121B-ADCE-4EEE-BC40-4A8C85CF9772}"
EndProject
Project("{9A19103F-16F7-4668-BE54-9A1E7A4F7556}") = "Consultorio.BusinessTest", "Consultorio.BusinessTest\Consultorio.BusinessTest.csproj", "{D9D3CA82-5BC4-4A6B-849B-927F56E7D295}"
EndProject
Project("{2150E333-8FDC-42A3-9474-1A3956D46DE8}") = "Testing", "Testing", "{6F43EC3F-A03B-4995-A49D-CB833FD1567F}"
EndProject
Project("{2150E333-8FDC-42A3-9474-1A3956D46DE8}") = "Transversal", "Transversal", "{D0AC863F-2D79-4967-84F9-A920080C3115}"
EndProject
Project("{9A19103F-16F7-4668-BE54-9A1E7A4F7556}") = "Transversal", "Guards\Transversal.csproj", "{B035595D-0CED-47DA-B05C-5EAE8B6B9028}"
EndProject
Project("{2150E333-8FDC-42A3-9474-1A3956D46DE8}") = "API", "API", "{0EF8F18C-CE8C-4FB6-9A53-F72A6350B5A9}"
EndProject
Global
	GlobalSection(SolutionConfigurationPlatforms) = preSolution
		Debug|Any CPU = Debug|Any CPU
		Release|Any CPU = Release|Any CPU
	EndGlobalSection
	GlobalSection(ProjectConfigurationPlatforms) = postSolution
		{479C35DE-A8A7-4D8A-A8FD-0612C0BFFED8}.Debug|Any CPU.ActiveCfg = Debug|Any CPU
		{479C35DE-A8A7-4D8A-A8FD-0612C0BFFED8}.Debug|Any CPU.Build.0 = Debug|Any CPU
		{479C35DE-A8A7-4D8A-A8FD-0612C0BFFED8}.Release|Any CPU.ActiveCfg = Release|Any CPU
		{479C35DE-A8A7-4D8A-A8FD-0612C0BFFED8}.Release|Any CPU.Build.0 = Release|Any CPU
		{EA2596E5-4EAA-4766-A8E5-87463833BCBA}.Debug|Any CPU.ActiveCfg = Debug|Any CPU
		{EA2596E5-4EAA-4766-A8E5-87463833BCBA}.Debug|Any CPU.Build.0 = Debug|Any CPU
		{EA2596E5-4EAA-4766-A8E5-87463833BCBA}.Release|Any CPU.ActiveCfg = Release|Any CPU
		{EA2596E5-4EAA-4766-A8E5-87463833BCBA}.Release|Any CPU.Build.0 = Release|Any CPU
		{DD12FB5A-CEED-41D1-8E89-E75C5E937FF9}.Debug|Any CPU.ActiveCfg = Debug|Any CPU
		{DD12FB5A-CEED-41D1-8E89-E75C5E937FF9}.Debug|Any CPU.Build.0 = Debug|Any CPU
		{DD12FB5A-CEED-41D1-8E89-E75C5E937FF9}.Release|Any CPU.ActiveCfg = Release|Any CPU
		{DD12FB5A-CEED-41D1-8E89-E75C5E937FF9}.Release|Any CPU.Build.0 = Release|Any CPU
		{04782D72-679C-483B-87A2-8257C2AEBFD9}.Debug|Any CPU.ActiveCfg = Debug|Any CPU
		{04782D72-679C-483B-87A2-8257C2AEBFD9}.Debug|Any CPU.Build.0 = Debug|Any CPU
		{04782D72-679C-483B-87A2-8257C2AEBFD9}.Release|Any CPU.ActiveCfg = Release|Any CPU
		{04782D72-679C-483B-87A2-8257C2AEBFD9}.Release|Any CPU.Build.0 = Release|Any CPU
		{43BC4CD8-20F1-4625-B159-476B50B9018B}.Debug|Any CPU.ActiveCfg = Debug|Any CPU
		{43BC4CD8-20F1-4625-B159-476B50B9018B}.Debug|Any CPU.Build.0 = Debug|Any CPU
		{43BC4CD8-20F1-4625-B159-476B50B9018B}.Release|Any CPU.ActiveCfg = Release|Any CPU
		{43BC4CD8-20F1-4625-B159-476B50B9018B}.Release|Any CPU.Build.0 = Release|Any CPU
		{D531D853-FBAE-4820-99D7-1ED12C4B886E}.Debug|Any CPU.ActiveCfg = Debug|Any CPU
		{D531D853-FBAE-4820-99D7-1ED12C4B886E}.Debug|Any CPU.Build.0 = Debug|Any CPU
		{D531D853-FBAE-4820-99D7-1ED12C4B886E}.Release|Any CPU.ActiveCfg = Release|Any CPU
		{D531D853-FBAE-4820-99D7-1ED12C4B886E}.Release|Any CPU.Build.0 = Release|Any CPU
		{57D3121B-ADCE-4EEE-BC40-4A8C85CF9772}.Debug|Any CPU.ActiveCfg = Debug|Any CPU
		{57D3121B-ADCE-4EEE-BC40-4A8C85CF9772}.Debug|Any CPU.Build.0 = Debug|Any CPU
		{57D3121B-ADCE-4EEE-BC40-4A8C85CF9772}.Release|Any CPU.ActiveCfg = Release|Any CPU
		{57D3121B-ADCE-4EEE-BC40-4A8C85CF9772}.Release|Any CPU.Build.0 = Release|Any CPU
		{D9D3CA82-5BC4-4A6B-849B-927F56E7D295}.Debug|Any CPU.ActiveCfg = Debug|Any CPU
		{D9D3CA82-5BC4-4A6B-849B-927F56E7D295}.Debug|Any CPU.Build.0 = Debug|Any CPU
		{D9D3CA82-5BC4-4A6B-849B-927F56E7D295}.Release|Any CPU.ActiveCfg = Release|Any CPU
		{D9D3CA82-5BC4-4A6B-849B-927F56E7D295}.Release|Any CPU.Build.0 = Release|Any CPU
		{B035595D-0CED-47DA-B05C-5EAE8B6B9028}.Debug|Any CPU.ActiveCfg = Debug|Any CPU
		{B035595D-0CED-47DA-B05C-5EAE8B6B9028}.Debug|Any CPU.Build.0 = Debug|Any CPU
		{B035595D-0CED-47DA-B05C-5EAE8B6B9028}.Release|Any CPU.ActiveCfg = Release|Any CPU
		{B035595D-0CED-47DA-B05C-5EAE8B6B9028}.Release|Any CPU.Build.0 = Release|Any CPU
	EndGlobalSection
	GlobalSection(SolutionProperties) = preSolution
		HideSolutionNode = FALSE
	EndGlobalSection
	GlobalSection(NestedProjects) = preSolution
		{EA2596E5-4EAA-4766-A8E5-87463833BCBA} = {692461F3-5BFE-4208-8E28-98C38383B24A}
		{DD12FB5A-CEED-41D1-8E89-E75C5E937FF9} = {E3E0310D-AE74-4401-B6D0-B52E2A53E833}
		{04782D72-679C-483B-87A2-8257C2AEBFD9} = {E3E0310D-AE74-4401-B6D0-B52E2A53E833}
		{43BC4CD8-20F1-4625-B159-476B50B9018B} = {E3E0310D-AE74-4401-B6D0-B52E2A53E833}
		{D531D853-FBAE-4820-99D7-1ED12C4B886E} = {E3E0310D-AE74-4401-B6D0-B52E2A53E833}
		{57D3121B-ADCE-4EEE-BC40-4A8C85CF9772} = {0EF8F18C-CE8C-4FB6-9A53-F72A6350B5A9}
		{D9D3CA82-5BC4-4A6B-849B-927F56E7D295} = {6F43EC3F-A03B-4995-A49D-CB833FD1567F}
		{B035595D-0CED-47DA-B05C-5EAE8B6B9028} = {D0AC863F-2D79-4967-84F9-A920080C3115}
	EndGlobalSection
	GlobalSection(ExtensibilityGlobals) = postSolution
		SolutionGuid = {51112821-BE94-447B-920D-E30F863D892D}
	EndGlobalSection
EndGlobal
